// !$*UTF8*$!
{
	archiveVersion = 1;
	classes = {
	};
	objectVersion = 48;
	objects = {

/* Begin PBXBuildFile section */
		37025415206D05EA00E87612 /* AppDelegate.swift in Sources */ = {isa = PBXBuildFile; fileRef = 8DFB9827206431AF009055F7 /* AppDelegate.swift */; };
		37025416206D05EA00E87612 /* Game.swift in Sources */ = {isa = PBXBuildFile; fileRef = 37083FC8206A227600DF9A22 /* Game.swift */; };
		37025417206D05EA00E87612 /* DataProvider.swift in Sources */ = {isa = PBXBuildFile; fileRef = 370253DE206CE8A700E87612 /* DataProvider.swift */; };
		37025418206D05EA00E87612 /* CellViewModel.swift in Sources */ = {isa = PBXBuildFile; fileRef = 8DB418812069693900D8DAFE /* CellViewModel.swift */; };
		37025419206D05EA00E87612 /* GameViewModel.swift in Sources */ = {isa = PBXBuildFile; fileRef = 370253F4206CEA1B00E87612 /* GameViewModel.swift */; };
		3702541A206D05EA00E87612 /* GameListViewController.swift in Sources */ = {isa = PBXBuildFile; fileRef = 8D9A73D620643CDB0077826F /* GameListViewController.swift */; };
		3702541B206D05EA00E87612 /* GameListViewModel.swift in Sources */ = {isa = PBXBuildFile; fileRef = 8DCA8F8720651D84000B803A /* GameListViewModel.swift */; };
		3702541C206D05EA00E87612 /* GameListCollectionViewCell.swift in Sources */ = {isa = PBXBuildFile; fileRef = 8DCA8F8E20651F68000B803A /* GameListCollectionViewCell.swift */; };
		3702541D206D05EA00E87612 /* UIButton+Factories.swift in Sources */ = {isa = PBXBuildFile; fileRef = 8DCA8F8B20651E85000B803A /* UIButton+Factories.swift */; };
		3702541E206D05EA00E87612 /* UILabel+Factories.swift in Sources */ = {isa = PBXBuildFile; fileRef = 37083FF5206A5EAB00DF9A22 /* UILabel+Factories.swift */; };
		3702541F206D05EA00E87612 /* CollectionView.swift in Sources */ = {isa = PBXBuildFile; fileRef = 8DB41879206967AB00D8DAFE /* CollectionView.swift */; };
		37025420206D05EA00E87612 /* ConfigurableCell.swift in Sources */ = {isa = PBXBuildFile; fileRef = 8DB4187B206967AB00D8DAFE /* ConfigurableCell.swift */; };
		37025421206D05EA00E87612 /* DataSource.swift in Sources */ = {isa = PBXBuildFile; fileRef = 8DB4187C206967AB00D8DAFE /* DataSource.swift */; };
		37025422206D05EA00E87612 /* Source.swift in Sources */ = {isa = PBXBuildFile; fileRef = 8DB4187A206967AB00D8DAFE /* Source.swift */; };
		37025423206D05EA00E87612 /* Sourcery.swift in Sources */ = {isa = PBXBuildFile; fileRef = 37083FE1206A29E700DF9A22 /* Sourcery.swift */; };
		37025424206D05EA00E87612 /* AutoEquatable.generated.swift in Sources */ = {isa = PBXBuildFile; fileRef = 37083FE4206A2A5E00DF9A22 /* AutoEquatable.generated.swift */; };
		37025425206D060200E87612 /* GameListCollectionViewCell.xib in Resources */ = {isa = PBXBuildFile; fileRef = 8DCA8F8F20651F68000B803A /* GameListCollectionViewCell.xib */; };
		37025426206D060F00E87612 /* GameListViewController.storyboard in Resources */ = {isa = PBXBuildFile; fileRef = 8DFB982B206431AF009055F7 /* GameListViewController.storyboard */; };
		8DFB982F206431AF009055F7 /* Assets.xcassets in Resources */ = {isa = PBXBuildFile; fileRef = 8DFB982E206431AF009055F7 /* Assets.xcassets */; };
		8DFB9832206431AF009055F7 /* LaunchScreen.storyboard in Resources */ = {isa = PBXBuildFile; fileRef = 8DFB9830206431AF009055F7 /* LaunchScreen.storyboard */; };
		8DFB983D206431B0009055F7 /* WhenWePlayTests.swift in Sources */ = {isa = PBXBuildFile; fileRef = 8DFB983C206431B0009055F7 /* WhenWePlayTests.swift */; };
		9B14A0BAB51A3683C0E8C080 /* Pods_WhenWePlay.framework in Frameworks */ = {isa = PBXBuildFile; fileRef = 944E3C78FE7238B6D71C8315 /* Pods_WhenWePlay.framework */; };
		A8375BC2F3B0FA4D34E22541 /* Pods_WhenWePlayTests.framework in Frameworks */ = {isa = PBXBuildFile; fileRef = 10401467F1E0A5A7E2D90AFA /* Pods_WhenWePlayTests.framework */; };
/* End PBXBuildFile section */

/* Begin PBXContainerItemProxy section */
		8DFB9839206431B0009055F7 /* PBXContainerItemProxy */ = {
			isa = PBXContainerItemProxy;
			containerPortal = 8DFB981C206431AF009055F7 /* Project object */;
			proxyType = 1;
			remoteGlobalIDString = 8DFB9823206431AF009055F7;
			remoteInfo = WhenWePlay;
		};
/* End PBXContainerItemProxy section */

/* Begin PBXCopyFilesBuildPhase section */
		8D8C39F12064F736003CC445 /* Embed Frameworks */ = {
			isa = PBXCopyFilesBuildPhase;
			buildActionMask = 2147483647;
			dstPath = "";
			dstSubfolderSpec = 10;
			files = (
			);
			name = "Embed Frameworks";
			runOnlyForDeploymentPostprocessing = 0;
		};
/* End PBXCopyFilesBuildPhase section */

/* Begin PBXFileReference section */
		046ECBEDB82FB9B606801E74 /* Pods-WhenWePlay-UIFramework.debug.xcconfig */ = {isa = PBXFileReference; includeInIndex = 1; lastKnownFileType = text.xcconfig; name = "Pods-WhenWePlay-UIFramework.debug.xcconfig"; path = "Pods/Target Support Files/Pods-WhenWePlay-UIFramework/Pods-WhenWePlay-UIFramework.debug.xcconfig"; sourceTree = "<group>"; };
		10401467F1E0A5A7E2D90AFA /* Pods_WhenWePlayTests.framework */ = {isa = PBXFileReference; explicitFileType = wrapper.framework; includeInIndex = 0; path = Pods_WhenWePlayTests.framework; sourceTree = BUILT_PRODUCTS_DIR; };
		370253DE206CE8A700E87612 /* DataProvider.swift */ = {isa = PBXFileReference; lastKnownFileType = sourcecode.swift; path = DataProvider.swift; sourceTree = "<group>"; };
		370253F4206CEA1B00E87612 /* GameViewModel.swift */ = {isa = PBXFileReference; lastKnownFileType = sourcecode.swift; path = GameViewModel.swift; sourceTree = "<group>"; };
		37083FC8206A227600DF9A22 /* Game.swift */ = {isa = PBXFileReference; lastKnownFileType = sourcecode.swift; path = Game.swift; sourceTree = "<group>"; };
		37083FE1206A29E700DF9A22 /* Sourcery.swift */ = {isa = PBXFileReference; lastKnownFileType = sourcecode.swift; path = Sourcery.swift; sourceTree = "<group>"; };
		37083FE4206A2A5E00DF9A22 /* AutoEquatable.generated.swift */ = {isa = PBXFileReference; fileEncoding = 4; lastKnownFileType = sourcecode.swift; path = AutoEquatable.generated.swift; sourceTree = "<group>"; };
		37083FF5206A5EAB00DF9A22 /* UILabel+Factories.swift */ = {isa = PBXFileReference; lastKnownFileType = sourcecode.swift; path = "UILabel+Factories.swift"; sourceTree = "<group>"; };
		51F4DA58B00400CE88EB6E70 /* Pods-WhenWePlay-UIFramework.release.xcconfig */ = {isa = PBXFileReference; includeInIndex = 1; lastKnownFileType = text.xcconfig; name = "Pods-WhenWePlay-UIFramework.release.xcconfig"; path = "Pods/Target Support Files/Pods-WhenWePlay-UIFramework/Pods-WhenWePlay-UIFramework.release.xcconfig"; sourceTree = "<group>"; };
		5408A600AAB92FF9C0448210 /* Pods_UIFramework.framework */ = {isa = PBXFileReference; explicitFileType = wrapper.framework; includeInIndex = 0; path = Pods_UIFramework.framework; sourceTree = BUILT_PRODUCTS_DIR; };
		558D6DD42913F3E3A3982B95 /* Pods-UIFramework.release.xcconfig */ = {isa = PBXFileReference; includeInIndex = 1; lastKnownFileType = text.xcconfig; name = "Pods-UIFramework.release.xcconfig"; path = "Pods/Target Support Files/Pods-UIFramework/Pods-UIFramework.release.xcconfig"; sourceTree = "<group>"; };
		768EC8D13A8323FD559CFC82 /* Pods-WhenWePlay-DataFramework.release.xcconfig */ = {isa = PBXFileReference; includeInIndex = 1; lastKnownFileType = text.xcconfig; name = "Pods-WhenWePlay-DataFramework.release.xcconfig"; path = "Pods/Target Support Files/Pods-WhenWePlay-DataFramework/Pods-WhenWePlay-DataFramework.release.xcconfig"; sourceTree = "<group>"; };
		78A991C6448805E1983AB751 /* Pods_WhenWePlay_DataFramework.framework */ = {isa = PBXFileReference; explicitFileType = wrapper.framework; includeInIndex = 0; path = Pods_WhenWePlay_DataFramework.framework; sourceTree = BUILT_PRODUCTS_DIR; };
		8D8C39CF2064BEDD003CC445 /* UI.playground */ = {isa = PBXFileReference; lastKnownFileType = file.playground; path = UI.playground; sourceTree = "<group>"; xcLanguageSpecificationIdentifier = xcode.lang.swift; };
		8D9A73D620643CDB0077826F /* GameListViewController.swift */ = {isa = PBXFileReference; lastKnownFileType = sourcecode.swift; path = GameListViewController.swift; sourceTree = "<group>"; };
		8DB41879206967AB00D8DAFE /* CollectionView.swift */ = {isa = PBXFileReference; fileEncoding = 4; lastKnownFileType = sourcecode.swift; path = CollectionView.swift; sourceTree = "<group>"; };
		8DB4187A206967AB00D8DAFE /* Source.swift */ = {isa = PBXFileReference; fileEncoding = 4; lastKnownFileType = sourcecode.swift; path = Source.swift; sourceTree = "<group>"; };
		8DB4187B206967AB00D8DAFE /* ConfigurableCell.swift */ = {isa = PBXFileReference; fileEncoding = 4; lastKnownFileType = sourcecode.swift; path = ConfigurableCell.swift; sourceTree = "<group>"; };
		8DB4187C206967AB00D8DAFE /* DataSource.swift */ = {isa = PBXFileReference; fileEncoding = 4; lastKnownFileType = sourcecode.swift; path = DataSource.swift; sourceTree = "<group>"; };
		8DB418812069693900D8DAFE /* CellViewModel.swift */ = {isa = PBXFileReference; lastKnownFileType = sourcecode.swift; path = CellViewModel.swift; sourceTree = "<group>"; };
		8DCA8F8720651D84000B803A /* GameListViewModel.swift */ = {isa = PBXFileReference; lastKnownFileType = sourcecode.swift; path = GameListViewModel.swift; sourceTree = "<group>"; };
		8DCA8F8B20651E85000B803A /* UIButton+Factories.swift */ = {isa = PBXFileReference; lastKnownFileType = sourcecode.swift; path = "UIButton+Factories.swift"; sourceTree = "<group>"; };
		8DCA8F8E20651F68000B803A /* GameListCollectionViewCell.swift */ = {isa = PBXFileReference; lastKnownFileType = sourcecode.swift; path = GameListCollectionViewCell.swift; sourceTree = "<group>"; };
		8DCA8F8F20651F68000B803A /* GameListCollectionViewCell.xib */ = {isa = PBXFileReference; lastKnownFileType = file.xib; path = GameListCollectionViewCell.xib; sourceTree = "<group>"; };
		8DFB9824206431AF009055F7 /* WhenWePlay.app */ = {isa = PBXFileReference; explicitFileType = wrapper.application; includeInIndex = 0; path = WhenWePlay.app; sourceTree = BUILT_PRODUCTS_DIR; };
		8DFB9827206431AF009055F7 /* AppDelegate.swift */ = {isa = PBXFileReference; lastKnownFileType = sourcecode.swift; path = AppDelegate.swift; sourceTree = "<group>"; };
		8DFB982C206431AF009055F7 /* Base */ = {isa = PBXFileReference; lastKnownFileType = file.storyboard; name = Base; path = Base.lproj/GameListViewController.storyboard; sourceTree = "<group>"; };
		8DFB982E206431AF009055F7 /* Assets.xcassets */ = {isa = PBXFileReference; lastKnownFileType = folder.assetcatalog; path = Assets.xcassets; sourceTree = "<group>"; };
		8DFB9831206431AF009055F7 /* Base */ = {isa = PBXFileReference; lastKnownFileType = file.storyboard; name = Base; path = Base.lproj/LaunchScreen.storyboard; sourceTree = "<group>"; };
		8DFB9833206431AF009055F7 /* Info.plist */ = {isa = PBXFileReference; lastKnownFileType = text.plist.xml; path = Info.plist; sourceTree = "<group>"; };
		8DFB9838206431B0009055F7 /* WhenWePlayTests.xctest */ = {isa = PBXFileReference; explicitFileType = wrapper.cfbundle; includeInIndex = 0; path = WhenWePlayTests.xctest; sourceTree = BUILT_PRODUCTS_DIR; };
		8DFB983C206431B0009055F7 /* WhenWePlayTests.swift */ = {isa = PBXFileReference; lastKnownFileType = sourcecode.swift; path = WhenWePlayTests.swift; sourceTree = "<group>"; };
		8DFB983E206431B0009055F7 /* Info.plist */ = {isa = PBXFileReference; lastKnownFileType = text.plist.xml; path = Info.plist; sourceTree = "<group>"; };
		910AE78A27C053773C753BD3 /* Pods-WhenWePlayTests.debug.xcconfig */ = {isa = PBXFileReference; includeInIndex = 1; lastKnownFileType = text.xcconfig; name = "Pods-WhenWePlayTests.debug.xcconfig"; path = "Pods/Target Support Files/Pods-WhenWePlayTests/Pods-WhenWePlayTests.debug.xcconfig"; sourceTree = "<group>"; };
		944E3C78FE7238B6D71C8315 /* Pods_WhenWePlay.framework */ = {isa = PBXFileReference; explicitFileType = wrapper.framework; includeInIndex = 0; path = Pods_WhenWePlay.framework; sourceTree = BUILT_PRODUCTS_DIR; };
		ACA75E79F42D0078653F5C85 /* Pods-WhenWePlay-DataFramework.debug.xcconfig */ = {isa = PBXFileReference; includeInIndex = 1; lastKnownFileType = text.xcconfig; name = "Pods-WhenWePlay-DataFramework.debug.xcconfig"; path = "Pods/Target Support Files/Pods-WhenWePlay-DataFramework/Pods-WhenWePlay-DataFramework.debug.xcconfig"; sourceTree = "<group>"; };
		BF3E5AFBC18E59A36733A948 /* Pods-UIFramework.debug.xcconfig */ = {isa = PBXFileReference; includeInIndex = 1; lastKnownFileType = text.xcconfig; name = "Pods-UIFramework.debug.xcconfig"; path = "Pods/Target Support Files/Pods-UIFramework/Pods-UIFramework.debug.xcconfig"; sourceTree = "<group>"; };
		D718E2794A2EC1735DDC7B60 /* Pods-WhenWePlay.debug.xcconfig */ = {isa = PBXFileReference; includeInIndex = 1; lastKnownFileType = text.xcconfig; name = "Pods-WhenWePlay.debug.xcconfig"; path = "Pods/Target Support Files/Pods-WhenWePlay/Pods-WhenWePlay.debug.xcconfig"; sourceTree = "<group>"; };
		D90BE2D7314DFA2B485D1CB3 /* Pods-WhenWePlayTests.release.xcconfig */ = {isa = PBXFileReference; includeInIndex = 1; lastKnownFileType = text.xcconfig; name = "Pods-WhenWePlayTests.release.xcconfig"; path = "Pods/Target Support Files/Pods-WhenWePlayTests/Pods-WhenWePlayTests.release.xcconfig"; sourceTree = "<group>"; };
		E0D1B1A18F3A0BAEE34F84C2 /* Pods-WhenWePlay.release.xcconfig */ = {isa = PBXFileReference; includeInIndex = 1; lastKnownFileType = text.xcconfig; name = "Pods-WhenWePlay.release.xcconfig"; path = "Pods/Target Support Files/Pods-WhenWePlay/Pods-WhenWePlay.release.xcconfig"; sourceTree = "<group>"; };
		EFF70DF87334723EF6395A6C /* Pods_WhenWePlay_UIFramework.framework */ = {isa = PBXFileReference; explicitFileType = wrapper.framework; includeInIndex = 0; path = Pods_WhenWePlay_UIFramework.framework; sourceTree = BUILT_PRODUCTS_DIR; };
/* End PBXFileReference section */

/* Begin PBXFrameworksBuildPhase section */
		8DFB9821206431AF009055F7 /* Frameworks */ = {
			isa = PBXFrameworksBuildPhase;
			buildActionMask = 2147483647;
			files = (
				9B14A0BAB51A3683C0E8C080 /* Pods_WhenWePlay.framework in Frameworks */,
			);
			runOnlyForDeploymentPostprocessing = 0;
		};
		8DFB9835206431B0009055F7 /* Frameworks */ = {
			isa = PBXFrameworksBuildPhase;
			buildActionMask = 2147483647;
			files = (
				A8375BC2F3B0FA4D34E22541 /* Pods_WhenWePlayTests.framework in Frameworks */,
			);
			runOnlyForDeploymentPostprocessing = 0;
		};
/* End PBXFrameworksBuildPhase section */

/* Begin PBXGroup section */
		370253DD206CE88000E87612 /* Providers */ = {
			isa = PBXGroup;
			children = (
				370253DE206CE8A700E87612 /* DataProvider.swift */,
			);
			path = Providers;
			sourceTree = "<group>";
		};
		37083FE3206A2A5E00DF9A22 /* Generated */ = {
			isa = PBXGroup;
			children = (
				37083FE4206A2A5E00DF9A22 /* AutoEquatable.generated.swift */,
			);
			path = Generated;
			sourceTree = "<group>";
		};
		591C59974041E194F72CB558 /* Pods */ = {
			isa = PBXGroup;
			children = (
				D718E2794A2EC1735DDC7B60 /* Pods-WhenWePlay.debug.xcconfig */,
				E0D1B1A18F3A0BAEE34F84C2 /* Pods-WhenWePlay.release.xcconfig */,
				910AE78A27C053773C753BD3 /* Pods-WhenWePlayTests.debug.xcconfig */,
				D90BE2D7314DFA2B485D1CB3 /* Pods-WhenWePlayTests.release.xcconfig */,
				BF3E5AFBC18E59A36733A948 /* Pods-UIFramework.debug.xcconfig */,
				558D6DD42913F3E3A3982B95 /* Pods-UIFramework.release.xcconfig */,
				046ECBEDB82FB9B606801E74 /* Pods-WhenWePlay-UIFramework.debug.xcconfig */,
				51F4DA58B00400CE88EB6E70 /* Pods-WhenWePlay-UIFramework.release.xcconfig */,
				ACA75E79F42D0078653F5C85 /* Pods-WhenWePlay-DataFramework.debug.xcconfig */,
				768EC8D13A8323FD559CFC82 /* Pods-WhenWePlay-DataFramework.release.xcconfig */,
			);
			name = Pods;
			sourceTree = "<group>";
		};
		735284A258BB9C2664608590 /* Frameworks */ = {
			isa = PBXGroup;
			children = (
				944E3C78FE7238B6D71C8315 /* Pods_WhenWePlay.framework */,
				10401467F1E0A5A7E2D90AFA /* Pods_WhenWePlayTests.framework */,
				5408A600AAB92FF9C0448210 /* Pods_UIFramework.framework */,
				EFF70DF87334723EF6395A6C /* Pods_WhenWePlay_UIFramework.framework */,
				78A991C6448805E1983AB751 /* Pods_WhenWePlay_DataFramework.framework */,
			);
			name = Frameworks;
			sourceTree = "<group>";
		};
		8D9A73CC206435900077826F /* ViewModels */ = {
			isa = PBXGroup;
			children = (
				8DB418812069693900D8DAFE /* CellViewModel.swift */,
				370253F4206CEA1B00E87612 /* GameViewModel.swift */,
			);
			path = ViewModels;
			sourceTree = "<group>";
		};
		8D9A73CD206435940077826F /* Application */ = {
			isa = PBXGroup;
			children = (
				8DFB9827206431AF009055F7 /* AppDelegate.swift */,
			);
			path = Application;
			sourceTree = "<group>";
		};
		8D9A73D220643C360077826F /* Models */ = {
			isa = PBXGroup;
			children = (
				37083FC8206A227600DF9A22 /* Game.swift */,
			);
			path = Models;
			sourceTree = "<group>";
		};
		8D9A73D320643C510077826F /* UI */ = {
			isa = PBXGroup;
			children = (
				8DCA8F8620651995000B803A /* GameList */,
			);
			path = UI;
			sourceTree = "<group>";
		};
		8D9A73D420643C600077826F /* Resources */ = {
			isa = PBXGroup;
			children = (
				8DFB9830206431AF009055F7 /* LaunchScreen.storyboard */,
				8DFB982E206431AF009055F7 /* Assets.xcassets */,
				8DFB9833206431AF009055F7 /* Info.plist */,
			);
			path = Resources;
			sourceTree = "<group>";
		};
		8D9A73D520643C750077826F /* Common */ = {
			isa = PBXGroup;
			children = (
				8DCA8F8A20651E6E000B803A /* Views */,
				37083FE1206A29E700DF9A22 /* Sourcery.swift */,
			);
			path = Common;
			sourceTree = "<group>";
		};
		8DB4186E2069615900D8DAFE /* CollectionView */ = {
			isa = PBXGroup;
			children = (
				8DB41879206967AB00D8DAFE /* CollectionView.swift */,
				8DB4187B206967AB00D8DAFE /* ConfigurableCell.swift */,
				8DB4187C206967AB00D8DAFE /* DataSource.swift */,
				8DB4187A206967AB00D8DAFE /* Source.swift */,
			);
			path = CollectionView;
			sourceTree = "<group>";
		};
		8DCA8F8620651995000B803A /* GameList */ = {
			isa = PBXGroup;
			children = (
				8DFB982B206431AF009055F7 /* GameListViewController.storyboard */,
				8D9A73D620643CDB0077826F /* GameListViewController.swift */,
				8DCA8F8720651D84000B803A /* GameListViewModel.swift */,
				8DCA8F8E20651F68000B803A /* GameListCollectionViewCell.swift */,
				8DCA8F8F20651F68000B803A /* GameListCollectionViewCell.xib */,
			);
			path = GameList;
			sourceTree = "<group>";
		};
		8DCA8F8A20651E6E000B803A /* Views */ = {
			isa = PBXGroup;
			children = (
				8DCA8F8B20651E85000B803A /* UIButton+Factories.swift */,
				37083FF5206A5EAB00DF9A22 /* UILabel+Factories.swift */,
				8DB4186E2069615900D8DAFE /* CollectionView */,
			);
			path = Views;
			sourceTree = "<group>";
		};
		8DFB981B206431AF009055F7 = {
			isa = PBXGroup;
			children = (
				8DFB9826206431AF009055F7 /* WhenWePlay */,
				8DFB983B206431B0009055F7 /* WhenWePlayTests */,
				8DFB9825206431AF009055F7 /* Products */,
				591C59974041E194F72CB558 /* Pods */,
				735284A258BB9C2664608590 /* Frameworks */,
			);
			sourceTree = "<group>";
		};
		8DFB9825206431AF009055F7 /* Products */ = {
			isa = PBXGroup;
			children = (
				8DFB9824206431AF009055F7 /* WhenWePlay.app */,
				8DFB9838206431B0009055F7 /* WhenWePlayTests.xctest */,
			);
			name = Products;
			sourceTree = "<group>";
		};
		8DFB9826206431AF009055F7 /* WhenWePlay */ = {
			isa = PBXGroup;
			children = (
				8D8C39CF2064BEDD003CC445 /* UI.playground */,
				8D9A73CD206435940077826F /* Application */,
				8D9A73D220643C360077826F /* Models */,
				370253DD206CE88000E87612 /* Providers */,
				8D9A73CC206435900077826F /* ViewModels */,
				8D9A73D320643C510077826F /* UI */,
				8D9A73D420643C600077826F /* Resources */,
				8D9A73D520643C750077826F /* Common */,
				37083FE3206A2A5E00DF9A22 /* Generated */,
			);
			path = WhenWePlay;
			sourceTree = "<group>";
		};
		8DFB983B206431B0009055F7 /* WhenWePlayTests */ = {
			isa = PBXGroup;
			children = (
				8DFB983C206431B0009055F7 /* WhenWePlayTests.swift */,
				8DFB983E206431B0009055F7 /* Info.plist */,
			);
			path = WhenWePlayTests;
			sourceTree = "<group>";
		};
/* End PBXGroup section */

/* Begin PBXNativeTarget section */
		8DFB9823206431AF009055F7 /* WhenWePlay */ = {
			isa = PBXNativeTarget;
			buildConfigurationList = 8DFB9841206431B0009055F7 /* Build configuration list for PBXNativeTarget "WhenWePlay" */;
			buildPhases = (
				559DA3CABAA95DD3E5D580BC /* [CP] Check Pods Manifest.lock */,
				8DFB9820206431AF009055F7 /* Sources */,
				8DFB9821206431AF009055F7 /* Frameworks */,
				8DFB9822206431AF009055F7 /* Resources */,
				3B9C93682A393C270D88F3C5 /* [CP] Embed Pods Frameworks */,
				E47A4777BAC915E0DFA8CCBC /* [CP] Copy Pods Resources */,
				8D8C39F12064F736003CC445 /* Embed Frameworks */,
			);
			buildRules = (
			);
			dependencies = (
			);
			name = WhenWePlay;
			productName = WhenWePlay;
			productReference = 8DFB9824206431AF009055F7 /* WhenWePlay.app */;
			productType = "com.apple.product-type.application";
		};
		8DFB9837206431B0009055F7 /* WhenWePlayTests */ = {
			isa = PBXNativeTarget;
			buildConfigurationList = 8DFB9844206431B0009055F7 /* Build configuration list for PBXNativeTarget "WhenWePlayTests" */;
			buildPhases = (
				03692907EE328BC05002196D /* [CP] Check Pods Manifest.lock */,
				8DFB9834206431B0009055F7 /* Sources */,
				8DFB9835206431B0009055F7 /* Frameworks */,
				8DFB9836206431B0009055F7 /* Resources */,
				D24EA86AAFCCEEBA1319B22E /* [CP] Embed Pods Frameworks */,
				C050DA5C37CF8104548C8006 /* [CP] Copy Pods Resources */,
			);
			buildRules = (
			);
			dependencies = (
				8DFB983A206431B0009055F7 /* PBXTargetDependency */,
			);
			name = WhenWePlayTests;
			productName = WhenWePlayTests;
			productReference = 8DFB9838206431B0009055F7 /* WhenWePlayTests.xctest */;
			productType = "com.apple.product-type.bundle.unit-test";
		};
/* End PBXNativeTarget section */

/* Begin PBXProject section */
		8DFB981C206431AF009055F7 /* Project object */ = {
			isa = PBXProject;
			attributes = {
				LastSwiftUpdateCheck = 0920;
				LastUpgradeCheck = 0920;
				ORGANIZATIONNAME = "Alex Agapov";
				TargetAttributes = {
					8DFB9823206431AF009055F7 = {
						CreatedOnToolsVersion = 9.2;
						ProvisioningStyle = Automatic;
					};
					8DFB9837206431B0009055F7 = {
						CreatedOnToolsVersion = 9.2;
						ProvisioningStyle = Automatic;
						TestTargetID = 8DFB9823206431AF009055F7;
					};
				};
			};
			buildConfigurationList = 8DFB981F206431AF009055F7 /* Build configuration list for PBXProject "WhenWePlay" */;
			compatibilityVersion = "Xcode 8.0";
			developmentRegion = en;
			hasScannedForEncodings = 0;
			knownRegions = (
				en,
				Base,
			);
			mainGroup = 8DFB981B206431AF009055F7;
			productRefGroup = 8DFB9825206431AF009055F7 /* Products */;
			projectDirPath = "";
			projectRoot = "";
			targets = (
				8DFB9823206431AF009055F7 /* WhenWePlay */,
				8DFB9837206431B0009055F7 /* WhenWePlayTests */,
			);
		};
/* End PBXProject section */

/* Begin PBXResourcesBuildPhase section */
		8DFB9822206431AF009055F7 /* Resources */ = {
			isa = PBXResourcesBuildPhase;
			buildActionMask = 2147483647;
			files = (
				37025425206D060200E87612 /* GameListCollectionViewCell.xib in Resources */,
				8DFB9832206431AF009055F7 /* LaunchScreen.storyboard in Resources */,
				8DFB982F206431AF009055F7 /* Assets.xcassets in Resources */,
				37025426206D060F00E87612 /* GameListViewController.storyboard in Resources */,
			);
			runOnlyForDeploymentPostprocessing = 0;
		};
		8DFB9836206431B0009055F7 /* Resources */ = {
			isa = PBXResourcesBuildPhase;
			buildActionMask = 2147483647;
			files = (
			);
			runOnlyForDeploymentPostprocessing = 0;
		};
/* End PBXResourcesBuildPhase section */

/* Begin PBXShellScriptBuildPhase section */
		03692907EE328BC05002196D /* [CP] Check Pods Manifest.lock */ = {
			isa = PBXShellScriptBuildPhase;
			buildActionMask = 2147483647;
			files = (
			);
			inputPaths = (
				"${PODS_PODFILE_DIR_PATH}/Podfile.lock",
				"${PODS_ROOT}/Manifest.lock",
			);
			name = "[CP] Check Pods Manifest.lock";
			outputPaths = (
				"$(DERIVED_FILE_DIR)/Pods-WhenWePlayTests-checkManifestLockResult.txt",
			);
			runOnlyForDeploymentPostprocessing = 0;
			shellPath = /bin/sh;
			shellScript = "diff \"${PODS_PODFILE_DIR_PATH}/Podfile.lock\" \"${PODS_ROOT}/Manifest.lock\" > /dev/null\nif [ $? != 0 ] ; then\n    # print error to STDERR\n    echo \"error: The sandbox is not in sync with the Podfile.lock. Run 'pod install' or update your CocoaPods installation.\" >&2\n    exit 1\nfi\n# This output is used by Xcode 'outputs' to avoid re-running this script phase.\necho \"SUCCESS\" > \"${SCRIPT_OUTPUT_FILE_0}\"\n";
			showEnvVarsInLog = 0;
		};
		3B9C93682A393C270D88F3C5 /* [CP] Embed Pods Frameworks */ = {
			isa = PBXShellScriptBuildPhase;
			buildActionMask = 2147483647;
			files = (
			);
			inputPaths = (
				"${SRCROOT}/Pods/Target Support Files/Pods-WhenWePlay/Pods-WhenWePlay-frameworks.sh",
				"${BUILT_PRODUCTS_DIR}/Cartography/Cartography.framework",
				"${BUILT_PRODUCTS_DIR}/DeepDiff/DeepDiff.framework",
				"${BUILT_PRODUCTS_DIR}/Reusable/Reusable.framework",
				"${BUILT_PRODUCTS_DIR}/SkeletonView/SkeletonView.framework",
				"${BUILT_PRODUCTS_DIR}/Windless/Windless.framework",
			);
			name = "[CP] Embed Pods Frameworks";
			outputPaths = (
				"${TARGET_BUILD_DIR}/${FRAMEWORKS_FOLDER_PATH}/Cartography.framework",
				"${TARGET_BUILD_DIR}/${FRAMEWORKS_FOLDER_PATH}/DeepDiff.framework",
				"${TARGET_BUILD_DIR}/${FRAMEWORKS_FOLDER_PATH}/Reusable.framework",
				"${TARGET_BUILD_DIR}/${FRAMEWORKS_FOLDER_PATH}/SkeletonView.framework",
				"${TARGET_BUILD_DIR}/${FRAMEWORKS_FOLDER_PATH}/Windless.framework",
			);
			runOnlyForDeploymentPostprocessing = 0;
			shellPath = /bin/sh;
			shellScript = "\"${SRCROOT}/Pods/Target Support Files/Pods-WhenWePlay/Pods-WhenWePlay-frameworks.sh\"\n";
			showEnvVarsInLog = 0;
		};
		559DA3CABAA95DD3E5D580BC /* [CP] Check Pods Manifest.lock */ = {
			isa = PBXShellScriptBuildPhase;
			buildActionMask = 2147483647;
			files = (
			);
			inputPaths = (
				"${PODS_PODFILE_DIR_PATH}/Podfile.lock",
				"${PODS_ROOT}/Manifest.lock",
			);
			name = "[CP] Check Pods Manifest.lock";
			outputPaths = (
				"$(DERIVED_FILE_DIR)/Pods-WhenWePlay-checkManifestLockResult.txt",
			);
			runOnlyForDeploymentPostprocessing = 0;
			shellPath = /bin/sh;
			shellScript = "diff \"${PODS_PODFILE_DIR_PATH}/Podfile.lock\" \"${PODS_ROOT}/Manifest.lock\" > /dev/null\nif [ $? != 0 ] ; then\n    # print error to STDERR\n    echo \"error: The sandbox is not in sync with the Podfile.lock. Run 'pod install' or update your CocoaPods installation.\" >&2\n    exit 1\nfi\n# This output is used by Xcode 'outputs' to avoid re-running this script phase.\necho \"SUCCESS\" > \"${SCRIPT_OUTPUT_FILE_0}\"\n";
			showEnvVarsInLog = 0;
		};
		C050DA5C37CF8104548C8006 /* [CP] Copy Pods Resources */ = {
			isa = PBXShellScriptBuildPhase;
			buildActionMask = 2147483647;
			files = (
			);
			inputPaths = (
			);
			name = "[CP] Copy Pods Resources";
			outputPaths = (
			);
			runOnlyForDeploymentPostprocessing = 0;
			shellPath = /bin/sh;
			shellScript = "\"${SRCROOT}/Pods/Target Support Files/Pods-WhenWePlayTests/Pods-WhenWePlayTests-resources.sh\"\n";
			showEnvVarsInLog = 0;
		};
		D24EA86AAFCCEEBA1319B22E /* [CP] Embed Pods Frameworks */ = {
			isa = PBXShellScriptBuildPhase;
			buildActionMask = 2147483647;
			files = (
			);
			inputPaths = (
			);
			name = "[CP] Embed Pods Frameworks";
			outputPaths = (
			);
			runOnlyForDeploymentPostprocessing = 0;
			shellPath = /bin/sh;
			shellScript = "\"${SRCROOT}/Pods/Target Support Files/Pods-WhenWePlayTests/Pods-WhenWePlayTests-frameworks.sh\"\n";
			showEnvVarsInLog = 0;
		};
		E47A4777BAC915E0DFA8CCBC /* [CP] Copy Pods Resources */ = {
			isa = PBXShellScriptBuildPhase;
			buildActionMask = 2147483647;
			files = (
			);
			inputPaths = (
			);
			name = "[CP] Copy Pods Resources";
			outputPaths = (
			);
			runOnlyForDeploymentPostprocessing = 0;
			shellPath = /bin/sh;
			shellScript = "\"${SRCROOT}/Pods/Target Support Files/Pods-WhenWePlay/Pods-WhenWePlay-resources.sh\"\n";
			showEnvVarsInLog = 0;
		};
/* End PBXShellScriptBuildPhase section */

/* Begin PBXSourcesBuildPhase section */
		8DFB9820206431AF009055F7 /* Sources */ = {
			isa = PBXSourcesBuildPhase;
			buildActionMask = 2147483647;
			files = (
				3702541C206D05EA00E87612 /* GameListCollectionViewCell.swift in Sources */,
				3702541B206D05EA00E87612 /* GameListViewModel.swift in Sources */,
				37025424206D05EA00E87612 /* AutoEquatable.generated.swift in Sources */,
				37025417206D05EA00E87612 /* DataProvider.swift in Sources */,
				37025421206D05EA00E87612 /* DataSource.swift in Sources */,
				37025415206D05EA00E87612 /* AppDelegate.swift in Sources */,
				37025418206D05EA00E87612 /* CellViewModel.swift in Sources */,
				3702541E206D05EA00E87612 /* UILabel+Factories.swift in Sources */,
				37025420206D05EA00E87612 /* ConfigurableCell.swift in Sources */,
				37025419206D05EA00E87612 /* GameViewModel.swift in Sources */,
				3702541D206D05EA00E87612 /* UIButton+Factories.swift in Sources */,
				37025422206D05EA00E87612 /* Source.swift in Sources */,
				3702541A206D05EA00E87612 /* GameListViewController.swift in Sources */,
				3702541F206D05EA00E87612 /* CollectionView.swift in Sources */,
				37025423206D05EA00E87612 /* Sourcery.swift in Sources */,
				37025416206D05EA00E87612 /* Game.swift in Sources */,
			);
			runOnlyForDeploymentPostprocessing = 0;
		};
		8DFB9834206431B0009055F7 /* Sources */ = {
			isa = PBXSourcesBuildPhase;
			buildActionMask = 2147483647;
			files = (
				8DFB983D206431B0009055F7 /* WhenWePlayTests.swift in Sources */,
			);
			runOnlyForDeploymentPostprocessing = 0;
		};
/* End PBXSourcesBuildPhase section */

/* Begin PBXTargetDependency section */
		8DFB983A206431B0009055F7 /* PBXTargetDependency */ = {
			isa = PBXTargetDependency;
			target = 8DFB9823206431AF009055F7 /* WhenWePlay */;
			targetProxy = 8DFB9839206431B0009055F7 /* PBXContainerItemProxy */;
		};
/* End PBXTargetDependency section */

/* Begin PBXVariantGroup section */
		8DFB982B206431AF009055F7 /* GameListViewController.storyboard */ = {
			isa = PBXVariantGroup;
			children = (
				8DFB982C206431AF009055F7 /* Base */,
			);
			name = GameListViewController.storyboard;
			sourceTree = "<group>";
		};
		8DFB9830206431AF009055F7 /* LaunchScreen.storyboard */ = {
			isa = PBXVariantGroup;
			children = (
				8DFB9831206431AF009055F7 /* Base */,
			);
			name = LaunchScreen.storyboard;
			sourceTree = "<group>";
		};
/* End PBXVariantGroup section */

/* Begin XCBuildConfiguration section */
		8DFB983F206431B0009055F7 /* Debug */ = {
			isa = XCBuildConfiguration;
			buildSettings = {
				ALWAYS_SEARCH_USER_PATHS = NO;
				CLANG_ANALYZER_NONNULL = YES;
				CLANG_ANALYZER_NUMBER_OBJECT_CONVERSION = YES_AGGRESSIVE;
				CLANG_CXX_LANGUAGE_STANDARD = "gnu++14";
				CLANG_CXX_LIBRARY = "libc++";
				CLANG_ENABLE_MODULES = YES;
				CLANG_ENABLE_OBJC_ARC = YES;
				CLANG_WARN_BLOCK_CAPTURE_AUTORELEASING = YES;
				CLANG_WARN_BOOL_CONVERSION = YES;
				CLANG_WARN_COMMA = YES;
				CLANG_WARN_CONSTANT_CONVERSION = YES;
				CLANG_WARN_DIRECT_OBJC_ISA_USAGE = YES_ERROR;
				CLANG_WARN_DOCUMENTATION_COMMENTS = YES;
				CLANG_WARN_EMPTY_BODY = YES;
				CLANG_WARN_ENUM_CONVERSION = YES;
				CLANG_WARN_INFINITE_RECURSION = YES;
				CLANG_WARN_INT_CONVERSION = YES;
				CLANG_WARN_NON_LITERAL_NULL_CONVERSION = YES;
				CLANG_WARN_OBJC_LITERAL_CONVERSION = YES;
				CLANG_WARN_OBJC_ROOT_CLASS = YES_ERROR;
				CLANG_WARN_RANGE_LOOP_ANALYSIS = YES;
				CLANG_WARN_STRICT_PROTOTYPES = YES;
				CLANG_WARN_SUSPICIOUS_MOVE = YES;
				CLANG_WARN_UNGUARDED_AVAILABILITY = YES_AGGRESSIVE;
				CLANG_WARN_UNREACHABLE_CODE = YES;
				CLANG_WARN__DUPLICATE_METHOD_MATCH = YES;
				CODE_SIGN_IDENTITY = "iPhone Developer";
				COPY_PHASE_STRIP = NO;
				DEBUG_INFORMATION_FORMAT = dwarf;
				ENABLE_STRICT_OBJC_MSGSEND = YES;
				ENABLE_TESTABILITY = YES;
				GCC_C_LANGUAGE_STANDARD = gnu11;
				GCC_DYNAMIC_NO_PIC = NO;
				GCC_NO_COMMON_BLOCKS = YES;
				GCC_OPTIMIZATION_LEVEL = 0;
				GCC_PREPROCESSOR_DEFINITIONS = (
					"DEBUG=1",
					"$(inherited)",
				);
				GCC_WARN_64_TO_32_BIT_CONVERSION = YES;
				GCC_WARN_ABOUT_RETURN_TYPE = YES_ERROR;
				GCC_WARN_UNDECLARED_SELECTOR = YES;
				GCC_WARN_UNINITIALIZED_AUTOS = YES_AGGRESSIVE;
				GCC_WARN_UNUSED_FUNCTION = YES;
				GCC_WARN_UNUSED_VARIABLE = YES;
				IPHONEOS_DEPLOYMENT_TARGET = 11.2;
				MTL_ENABLE_DEBUG_INFO = YES;
				ONLY_ACTIVE_ARCH = YES;
				SDKROOT = iphoneos;
				SWIFT_ACTIVE_COMPILATION_CONDITIONS = DEBUG;
				SWIFT_OPTIMIZATION_LEVEL = "-Onone";
			};
			name = Debug;
		};
		8DFB9840206431B0009055F7 /* Release */ = {
			isa = XCBuildConfiguration;
			buildSettings = {
				ALWAYS_SEARCH_USER_PATHS = NO;
				CLANG_ANALYZER_NONNULL = YES;
				CLANG_ANALYZER_NUMBER_OBJECT_CONVERSION = YES_AGGRESSIVE;
				CLANG_CXX_LANGUAGE_STANDARD = "gnu++14";
				CLANG_CXX_LIBRARY = "libc++";
				CLANG_ENABLE_MODULES = YES;
				CLANG_ENABLE_OBJC_ARC = YES;
				CLANG_WARN_BLOCK_CAPTURE_AUTORELEASING = YES;
				CLANG_WARN_BOOL_CONVERSION = YES;
				CLANG_WARN_COMMA = YES;
				CLANG_WARN_CONSTANT_CONVERSION = YES;
				CLANG_WARN_DIRECT_OBJC_ISA_USAGE = YES_ERROR;
				CLANG_WARN_DOCUMENTATION_COMMENTS = YES;
				CLANG_WARN_EMPTY_BODY = YES;
				CLANG_WARN_ENUM_CONVERSION = YES;
				CLANG_WARN_INFINITE_RECURSION = YES;
				CLANG_WARN_INT_CONVERSION = YES;
				CLANG_WARN_NON_LITERAL_NULL_CONVERSION = YES;
				CLANG_WARN_OBJC_LITERAL_CONVERSION = YES;
				CLANG_WARN_OBJC_ROOT_CLASS = YES_ERROR;
				CLANG_WARN_RANGE_LOOP_ANALYSIS = YES;
				CLANG_WARN_STRICT_PROTOTYPES = YES;
				CLANG_WARN_SUSPICIOUS_MOVE = YES;
				CLANG_WARN_UNGUARDED_AVAILABILITY = YES_AGGRESSIVE;
				CLANG_WARN_UNREACHABLE_CODE = YES;
				CLANG_WARN__DUPLICATE_METHOD_MATCH = YES;
				CODE_SIGN_IDENTITY = "iPhone Developer";
				COPY_PHASE_STRIP = NO;
				DEBUG_INFORMATION_FORMAT = "dwarf-with-dsym";
				ENABLE_NS_ASSERTIONS = NO;
				ENABLE_STRICT_OBJC_MSGSEND = YES;
				GCC_C_LANGUAGE_STANDARD = gnu11;
				GCC_NO_COMMON_BLOCKS = YES;
				GCC_WARN_64_TO_32_BIT_CONVERSION = YES;
				GCC_WARN_ABOUT_RETURN_TYPE = YES_ERROR;
				GCC_WARN_UNDECLARED_SELECTOR = YES;
				GCC_WARN_UNINITIALIZED_AUTOS = YES_AGGRESSIVE;
				GCC_WARN_UNUSED_FUNCTION = YES;
				GCC_WARN_UNUSED_VARIABLE = YES;
				IPHONEOS_DEPLOYMENT_TARGET = 11.2;
				MTL_ENABLE_DEBUG_INFO = NO;
				SDKROOT = iphoneos;
				SWIFT_OPTIMIZATION_LEVEL = "-Owholemodule";
				VALIDATE_PRODUCT = YES;
			};
			name = Release;
		};
		8DFB9842206431B0009055F7 /* Debug */ = {
			isa = XCBuildConfiguration;
			baseConfigurationReference = D718E2794A2EC1735DDC7B60 /* Pods-WhenWePlay.debug.xcconfig */;
			buildSettings = {
				ALWAYS_EMBED_SWIFT_STANDARD_LIBRARIES = YES;
				ASSETCATALOG_COMPILER_APPICON_NAME = AppIcon;
				CODE_SIGN_STYLE = Automatic;
				DEVELOPMENT_TEAM = 7J9NCU659T;
				INFOPLIST_FILE = "$(SRCROOT)/WhenWePlay/Resources/Info.plist";
				IPHONEOS_DEPLOYMENT_TARGET = 10.0;
				LD_RUNPATH_SEARCH_PATHS = "$(inherited) @executable_path/Frameworks";
				PRODUCT_BUNDLE_IDENTIFIER = com.agapovco.WhenWePlay;
				PRODUCT_NAME = "$(TARGET_NAME)";
				SWIFT_VERSION = 4.0;
				TARGETED_DEVICE_FAMILY = "1,2";
			};
			name = Debug;
		};
		8DFB9843206431B0009055F7 /* Release */ = {
			isa = XCBuildConfiguration;
			baseConfigurationReference = E0D1B1A18F3A0BAEE34F84C2 /* Pods-WhenWePlay.release.xcconfig */;
			buildSettings = {
				ALWAYS_EMBED_SWIFT_STANDARD_LIBRARIES = YES;
				ASSETCATALOG_COMPILER_APPICON_NAME = AppIcon;
				CODE_SIGN_STYLE = Automatic;
				DEVELOPMENT_TEAM = 7J9NCU659T;
				INFOPLIST_FILE = "$(SRCROOT)/WhenWePlay/Resources/Info.plist";
				IPHONEOS_DEPLOYMENT_TARGET = 10.0;
				LD_RUNPATH_SEARCH_PATHS = "$(inherited) @executable_path/Frameworks";
				PRODUCT_BUNDLE_IDENTIFIER = com.agapovco.WhenWePlay;
				PRODUCT_NAME = "$(TARGET_NAME)";
				SWIFT_VERSION = 4.0;
				TARGETED_DEVICE_FAMILY = "1,2";
			};
			name = Release;
		};
		8DFB9845206431B0009055F7 /* Debug */ = {
			isa = XCBuildConfiguration;
			baseConfigurationReference = 910AE78A27C053773C753BD3 /* Pods-WhenWePlayTests.debug.xcconfig */;
			buildSettings = {
				ALWAYS_EMBED_SWIFT_STANDARD_LIBRARIES = YES;
				BUNDLE_LOADER = "$(TEST_HOST)";
				CODE_SIGN_STYLE = Automatic;
				DEVELOPMENT_TEAM = 7J9NCU659T;
				INFOPLIST_FILE = WhenWePlayTests/Info.plist;
				LD_RUNPATH_SEARCH_PATHS = "$(inherited) @executable_path/Frameworks @loader_path/Frameworks";
				PRODUCT_BUNDLE_IDENTIFIER = com.agapovco.WhenWePlayTests;
				PRODUCT_NAME = "$(TARGET_NAME)";
				SWIFT_VERSION = 4.0;
				TARGETED_DEVICE_FAMILY = "1,2";
				TEST_HOST = "$(BUILT_PRODUCTS_DIR)/WhenWePlay.app/WhenWePlay";
			};
			name = Debug;
		};
		8DFB9846206431B0009055F7 /* Release */ = {
			isa = XCBuildConfiguration;
			baseConfigurationReference = D90BE2D7314DFA2B485D1CB3 /* Pods-WhenWePlayTests.release.xcconfig */;
			buildSettings = {
				ALWAYS_EMBED_SWIFT_STANDARD_LIBRARIES = YES;
				BUNDLE_LOADER = "$(TEST_HOST)";
				CODE_SIGN_STYLE = Automatic;
				DEVELOPMENT_TEAM = 7J9NCU659T;
				INFOPLIST_FILE = WhenWePlayTests/Info.plist;
				LD_RUNPATH_SEARCH_PATHS = "$(inherited) @executable_path/Frameworks @loader_path/Frameworks";
				PRODUCT_BUNDLE_IDENTIFIER = com.agapovco.WhenWePlayTests;
				PRODUCT_NAME = "$(TARGET_NAME)";
				SWIFT_VERSION = 4.0;
				TARGETED_DEVICE_FAMILY = "1,2";
				TEST_HOST = "$(BUILT_PRODUCTS_DIR)/WhenWePlay.app/WhenWePlay";
			};
			name = Release;
		};
/* End XCBuildConfiguration section */

/* Begin XCConfigurationList section */
		8DFB981F206431AF009055F7 /* Build configuration list for PBXProject "WhenWePlay" */ = {
			isa = XCConfigurationList;
			buildConfigurations = (
				8DFB983F206431B0009055F7 /* Debug */,
				8DFB9840206431B0009055F7 /* Release */,
			);
			defaultConfigurationIsVisible = 0;
			defaultConfigurationName = Release;
		};
		8DFB9841206431B0009055F7 /* Build configuration list for PBXNativeTarget "WhenWePlay" */ = {
			isa = XCConfigurationList;
			buildConfigurations = (
				8DFB9842206431B0009055F7 /* Debug */,
				8DFB9843206431B0009055F7 /* Release */,
			);
			defaultConfigurationIsVisible = 0;
			defaultConfigurationName = Release;
		};
		8DFB9844206431B0009055F7 /* Build configuration list for PBXNativeTarget "WhenWePlayTests" */ = {
			isa = XCConfigurationList;
			buildConfigurations = (
				8DFB9845206431B0009055F7 /* Debug */,
				8DFB9846206431B0009055F7 /* Release */,
			);
			defaultConfigurationIsVisible = 0;
			defaultConfigurationName = Release;
		};
/* End XCConfigurationList section */
	};
	rootObject = 8DFB981C206431AF009055F7 /* Project object */;
}
