// !$*UTF8*$!
{
	archiveVersion = 1;
	classes = {
	};
	objectVersion = 48;
	objects = {

/* Begin PBXBuildFile section */
		8DFB9828206431AF009055F7 /* AppDelegate.swift in Sources */ = {isa = PBXBuildFile; fileRef = 8DFB9827206431AF009055F7 /* AppDelegate.swift */; };
		8DFB982A206431AF009055F7 /* ViewController.swift in Sources */ = {isa = PBXBuildFile; fileRef = 8DFB9829206431AF009055F7 /* ViewController.swift */; };
		8DFB982D206431AF009055F7 /* Main.storyboard in Resources */ = {isa = PBXBuildFile; fileRef = 8DFB982B206431AF009055F7 /* Main.storyboard */; };
		8DFB982F206431AF009055F7 /* Assets.xcassets in Resources */ = {isa = PBXBuildFile; fileRef = 8DFB982E206431AF009055F7 /* Assets.xcassets */; };
		8DFB9832206431AF009055F7 /* LaunchScreen.storyboard in Resources */ = {isa = PBXBuildFile; fileRef = 8DFB9830206431AF009055F7 /* LaunchScreen.storyboard */; };
		8DFB983D206431B0009055F7 /* WhenWePlayTests.swift in Sources */ = {isa = PBXBuildFile; fileRef = 8DFB983C206431B0009055F7 /* WhenWePlayTests.swift */; };
/* End PBXBuildFile section */

/* Begin PBXContainerItemProxy section */
		8DFB9839206431B0009055F7 /* PBXContainerItemProxy */ = {
			isa = PBXContainerItemProxy;
			containerPortal = 8DFB981C206431AF009055F7 /* Project object */;
			proxyType = 1;
			remoteGlobalIDString = 8DFB9823206431AF009055F7;
			remoteInfo = WhenWePlay;
		};
/* End PBXContainerItemProxy section */

/* Begin PBXFileReference section */
		8DFB9824206431AF009055F7 /* WhenWePlay.app */ = {isa = PBXFileReference; explicitFileType = wrapper.application; includeInIndex = 0; path = WhenWePlay.app; sourceTree = BUILT_PRODUCTS_DIR; };
		8DFB9827206431AF009055F7 /* AppDelegate.swift */ = {isa = PBXFileReference; lastKnownFileType = sourcecode.swift; path = AppDelegate.swift; sourceTree = "<group>"; };
		8DFB9829206431AF009055F7 /* ViewController.swift */ = {isa = PBXFileReference; lastKnownFileType = sourcecode.swift; path = ViewController.swift; sourceTree = "<group>"; };
		8DFB982C206431AF009055F7 /* Base */ = {isa = PBXFileReference; lastKnownFileType = file.storyboard; name = Base; path = Base.lproj/Main.storyboard; sourceTree = "<group>"; };
		8DFB982E206431AF009055F7 /* Assets.xcassets */ = {isa = PBXFileReference; lastKnownFileType = folder.assetcatalog; path = Assets.xcassets; sourceTree = "<group>"; };
		8DFB9831206431AF009055F7 /* Base */ = {isa = PBXFileReference; lastKnownFileType = file.storyboard; name = Base; path = Base.lproj/LaunchScreen.storyboard; sourceTree = "<group>"; };
		8DFB9833206431AF009055F7 /* Info.plist */ = {isa = PBXFileReference; lastKnownFileType = text.plist.xml; path = Info.plist; sourceTree = "<group>"; };
		8DFB9838206431B0009055F7 /* WhenWePlayTests.xctest */ = {isa = PBXFileReference; explicitFileType = wrapper.cfbundle; includeInIndex = 0; path = WhenWePlayTests.xctest; sourceTree = BUILT_PRODUCTS_DIR; };
		8DFB983C206431B0009055F7 /* WhenWePlayTests.swift */ = {isa = PBXFileReference; lastKnownFileType = sourcecode.swift; path = WhenWePlayTests.swift; sourceTree = "<group>"; };
		8DFB983E206431B0009055F7 /* Info.plist */ = {isa = PBXFileReference; lastKnownFileType = text.plist.xml; path = Info.plist; sourceTree = "<group>"; };
/* End PBXFileReference section */

/* Begin PBXFrameworksBuildPhase section */
		8DFB9821206431AF009055F7 /* Frameworks */ = {
			isa = PBXFrameworksBuildPhase;
			buildActionMask = 2147483647;
			files = (
			);
			runOnlyForDeploymentPostprocessing = 0;
		};
		8DFB9835206431B0009055F7 /* Frameworks */ = {
			isa = PBXFrameworksBuildPhase;
			buildActionMask = 2147483647;
			files = (
			);
			runOnlyForDeploymentPostprocessing = 0;
		};
/* End PBXFrameworksBuildPhase section */

/* Begin PBXGroup section */
		8DFB981B206431AF009055F7 = {
			isa = PBXGroup;
			children = (
				8DFB9826206431AF009055F7 /* WhenWePlay */,
				8DFB983B206431B0009055F7 /* WhenWePlayTests */,
				8DFB9825206431AF009055F7 /* Products */,
			);
			sourceTree = "<group>";
		};
		8DFB9825206431AF009055F7 /* Products */ = {
			isa = PBXGroup;
			children = (
				8DFB9824206431AF009055F7 /* WhenWePlay.app */,
				8DFB9838206431B0009055F7 /* WhenWePlayTests.xctest */,
			);
			name = Products;
			sourceTree = "<group>";
		};
		8DFB9826206431AF009055F7 /* WhenWePlay */ = {
			isa = PBXGroup;
			children = (
				8DFB9827206431AF009055F7 /* AppDelegate.swift */,
				8DFB9829206431AF009055F7 /* ViewController.swift */,
				8DFB982B206431AF009055F7 /* Main.storyboard */,
				8DFB982E206431AF009055F7 /* Assets.xcassets */,
				8DFB9830206431AF009055F7 /* LaunchScreen.storyboard */,
				8DFB9833206431AF009055F7 /* Info.plist */,
			);
			path = WhenWePlay;
			sourceTree = "<group>";
		};
		8DFB983B206431B0009055F7 /* WhenWePlayTests */ = {
			isa = PBXGroup;
			children = (
				8DFB983C206431B0009055F7 /* WhenWePlayTests.swift */,
				8DFB983E206431B0009055F7 /* Info.plist */,
			);
			path = WhenWePlayTests;
			sourceTree = "<group>";
		};
/* End PBXGroup section */

/* Begin PBXNativeTarget section */
		8DFB9823206431AF009055F7 /* WhenWePlay */ = {
			isa = PBXNativeTarget;
			buildConfigurationList = 8DFB9841206431B0009055F7 /* Build configuration list for PBXNativeTarget "WhenWePlay" */;
			buildPhases = (
				8DFB9820206431AF009055F7 /* Sources */,
				8DFB9821206431AF009055F7 /* Frameworks */,
				8DFB9822206431AF009055F7 /* Resources */,
			);
			buildRules = (
			);
			dependencies = (
			);
			name = WhenWePlay;
			productName = WhenWePlay;
			productReference = 8DFB9824206431AF009055F7 /* WhenWePlay.app */;
			productType = "com.apple.product-type.application";
		};
		8DFB9837206431B0009055F7 /* WhenWePlayTests */ = {
			isa = PBXNativeTarget;
			buildConfigurationList = 8DFB9844206431B0009055F7 /* Build configuration list for PBXNativeTarget "WhenWePlayTests" */;
			buildPhases = (
				8DFB9834206431B0009055F7 /* Sources */,
				8DFB9835206431B0009055F7 /* Frameworks */,
				8DFB9836206431B0009055F7 /* Resources */,
			);
			buildRules = (
			);
			dependencies = (
				8DFB983A206431B0009055F7 /* PBXTargetDependency */,
			);
			name = WhenWePlayTests;
			productName = WhenWePlayTests;
			productReference = 8DFB9838206431B0009055F7 /* WhenWePlayTests.xctest */;
			productType = "com.apple.product-type.bundle.unit-test";
		};
/* End PBXNativeTarget section */

/* Begin PBXProject section */
		8DFB981C206431AF009055F7 /* Project object */ = {
			isa = PBXProject;
			attributes = {
				LastSwiftUpdateCheck = 0920;
				LastUpgradeCheck = 0920;
				ORGANIZATIONNAME = "Alex Agapov";
				TargetAttributes = {
					8DFB9823206431AF009055F7 = {
						CreatedOnToolsVersion = 9.2;
						ProvisioningStyle = Automatic;
					};
					8DFB9837206431B0009055F7 = {
						CreatedOnToolsVersion = 9.2;
						ProvisioningStyle = Automatic;
						TestTargetID = 8DFB9823206431AF009055F7;
					};
				};
			};
			buildConfigurationList = 8DFB981F206431AF009055F7 /* Build configuration list for PBXProject "WhenWePlay" */;
			compatibilityVersion = "Xcode 8.0";
			developmentRegion = en;
			hasScannedForEncodings = 0;
			knownRegions = (
				en,
				Base,
			);
			mainGroup = 8DFB981B206431AF009055F7;
			productRefGroup = 8DFB9825206431AF009055F7 /* Products */;
			projectDirPath = "";
			projectRoot = "";
			targets = (
				8DFB9823206431AF009055F7 /* WhenWePlay */,
				8DFB9837206431B0009055F7 /* WhenWePlayTests */,
			);
		};
/* End PBXProject section */

/* Begin PBXResourcesBuildPhase section */
		8DFB9822206431AF009055F7 /* Resources */ = {
			isa = PBXResourcesBuildPhase;
			buildActionMask = 2147483647;
			files = (
				8DFB9832206431AF009055F7 /* LaunchScreen.storyboard in Resources */,
				8DFB982F206431AF009055F7 /* Assets.xcassets in Resources */,
				8DFB982D206431AF009055F7 /* Main.storyboard in Resources */,
			);
			runOnlyForDeploymentPostprocessing = 0;
		};
		8DFB9836206431B0009055F7 /* Resources */ = {
			isa = PBXResourcesBuildPhase;
			buildActionMask = 2147483647;
			files = (
			);
			runOnlyForDeploymentPostprocessing = 0;
		};
/* End PBXResourcesBuildPhase section */

/* Begin PBXSourcesBuildPhase section */
		8DFB9820206431AF009055F7 /* Sources */ = {
			isa = PBXSourcesBuildPhase;
			buildActionMask = 2147483647;
			files = (
				8DFB982A206431AF009055F7 /* ViewController.swift in Sources */,
				8DFB9828206431AF009055F7 /* AppDelegate.swift in Sources */,
			);
			runOnlyForDeploymentPostprocessing = 0;
		};
		8DFB9834206431B0009055F7 /* Sources */ = {
			isa = PBXSourcesBuildPhase;
			buildActionMask = 2147483647;
			files = (
				8DFB983D206431B0009055F7 /* WhenWePlayTests.swift in Sources */,
			);
			runOnlyForDeploymentPostprocessing = 0;
		};
/* End PBXSourcesBuildPhase section */

/* Begin PBXTargetDependency section */
		8DFB983A206431B0009055F7 /* PBXTargetDependency */ = {
			isa = PBXTargetDependency;
			target = 8DFB9823206431AF009055F7 /* WhenWePlay */;
			targetProxy = 8DFB9839206431B0009055F7 /* PBXContainerItemProxy */;
		};
/* End PBXTargetDependency section */

/* Begin PBXVariantGroup section */
		8DFB982B206431AF009055F7 /* Main.storyboard */ = {
			isa = PBXVariantGroup;
			children = (
				8DFB982C206431AF009055F7 /* Base */,
			);
			name = Main.storyboard;
			sourceTree = "<group>";
		};
		8DFB9830206431AF009055F7 /* LaunchScreen.storyboard */ = {
			isa = PBXVariantGroup;
			children = (
				8DFB9831206431AF009055F7 /* Base */,
			);
			name = LaunchScreen.storyboard;
			sourceTree = "<group>";
		};
/* End PBXVariantGroup section */

/* Begin XCBuildConfiguration section */
		8DFB983F206431B0009055F7 /* Debug */ = {
			isa = XCBuildConfiguration;
			buildSettings = {
				ALWAYS_SEARCH_USER_PATHS = NO;
				CLANG_ANALYZER_NONNULL = YES;
				CLANG_ANALYZER_NUMBER_OBJECT_CONVERSION = YES_AGGRESSIVE;
				CLANG_CXX_LANGUAGE_STANDARD = "gnu++14";
				CLANG_CXX_LIBRARY = "libc++";
				CLANG_ENABLE_MODULES = YES;
				CLANG_ENABLE_OBJC_ARC = YES;
				CLANG_WARN_BLOCK_CAPTURE_AUTORELEASING = YES;
				CLANG_WARN_BOOL_CONVERSION = YES;
				CLANG_WARN_COMMA = YES;
				CLANG_WARN_CONSTANT_CONVERSION = YES;
				CLANG_WARN_DIRECT_OBJC_ISA_USAGE = YES_ERROR;
				CLANG_WARN_DOCUMENTATION_COMMENTS = YES;
				CLANG_WARN_EMPTY_BODY = YES;
				CLANG_WARN_ENUM_CONVERSION = YES;
				CLANG_WARN_INFINITE_RECURSION = YES;
				CLANG_WARN_INT_CONVERSION = YES;
				CLANG_WARN_NON_LITERAL_NULL_CONVERSION = YES;
				CLANG_WARN_OBJC_LITERAL_CONVERSION = YES;
				CLANG_WARN_OBJC_ROOT_CLASS = YES_ERROR;
				CLANG_WARN_RANGE_LOOP_ANALYSIS = YES;
				CLANG_WARN_STRICT_PROTOTYPES = YES;
				CLANG_WARN_SUSPICIOUS_MOVE = YES;
				CLANG_WARN_UNGUARDED_AVAILABILITY = YES_AGGRESSIVE;
				CLANG_WARN_UNREACHABLE_CODE = YES;
				CLANG_WARN__DUPLICATE_METHOD_MATCH = YES;
				CODE_SIGN_IDENTITY = "iPhone Developer";
				COPY_PHASE_STRIP = NO;
				DEBUG_INFORMATION_FORMAT = dwarf;
				ENABLE_STRICT_OBJC_MSGSEND = YES;
				ENABLE_TESTABILITY = YES;
				GCC_C_LANGUAGE_STANDARD = gnu11;
				GCC_DYNAMIC_NO_PIC = NO;
				GCC_NO_COMMON_BLOCKS = YES;
				GCC_OPTIMIZATION_LEVEL = 0;
				GCC_PREPROCESSOR_DEFINITIONS = (
					"DEBUG=1",
					"$(inherited)",
				);
				GCC_WARN_64_TO_32_BIT_CONVERSION = YES;
				GCC_WARN_ABOUT_RETURN_TYPE = YES_ERROR;
				GCC_WARN_UNDECLARED_SELECTOR = YES;
				GCC_WARN_UNINITIALIZED_AUTOS = YES_AGGRESSIVE;
				GCC_WARN_UNUSED_FUNCTION = YES;
				GCC_WARN_UNUSED_VARIABLE = YES;
				IPHONEOS_DEPLOYMENT_TARGET = 11.2;
				MTL_ENABLE_DEBUG_INFO = YES;
				ONLY_ACTIVE_ARCH = YES;
				SDKROOT = iphoneos;
				SWIFT_ACTIVE_COMPILATION_CONDITIONS = DEBUG;
				SWIFT_OPTIMIZATION_LEVEL = "-Onone";
			};
			name = Debug;
		};
		8DFB9840206431B0009055F7 /* Release */ = {
			isa = XCBuildConfiguration;
			buildSettings = {
				ALWAYS_SEARCH_USER_PATHS = NO;
				CLANG_ANALYZER_NONNULL = YES;
				CLANG_ANALYZER_NUMBER_OBJECT_CONVERSION = YES_AGGRESSIVE;
				CLANG_CXX_LANGUAGE_STANDARD = "gnu++14";
				CLANG_CXX_LIBRARY = "libc++";
				CLANG_ENABLE_MODULES = YES;
				CLANG_ENABLE_OBJC_ARC = YES;
				CLANG_WARN_BLOCK_CAPTURE_AUTORELEASING = YES;
				CLANG_WARN_BOOL_CONVERSION = YES;
				CLANG_WARN_COMMA = YES;
				CLANG_WARN_CONSTANT_CONVERSION = YES;
				CLANG_WARN_DIRECT_OBJC_ISA_USAGE = YES_ERROR;
				CLANG_WARN_DOCUMENTATION_COMMENTS = YES;
				CLANG_WARN_EMPTY_BODY = YES;
				CLANG_WARN_ENUM_CONVERSION = YES;
				CLANG_WARN_INFINITE_RECURSION = YES;
				CLANG_WARN_INT_CONVERSION = YES;
				CLANG_WARN_NON_LITERAL_NULL_CONVERSION = YES;
				CLANG_WARN_OBJC_LITERAL_CONVERSION = YES;
				CLANG_WARN_OBJC_ROOT_CLASS = YES_ERROR;
				CLANG_WARN_RANGE_LOOP_ANALYSIS = YES;
				CLANG_WARN_STRICT_PROTOTYPES = YES;
				CLANG_WARN_SUSPICIOUS_MOVE = YES;
				CLANG_WARN_UNGUARDED_AVAILABILITY = YES_AGGRESSIVE;
				CLANG_WARN_UNREACHABLE_CODE = YES;
				CLANG_WARN__DUPLICATE_METHOD_MATCH = YES;
				CODE_SIGN_IDENTITY = "iPhone Developer";
				COPY_PHASE_STRIP = NO;
				DEBUG_INFORMATION_FORMAT = "dwarf-with-dsym";
				ENABLE_NS_ASSERTIONS = NO;
				ENABLE_STRICT_OBJC_MSGSEND = YES;
				GCC_C_LANGUAGE_STANDARD = gnu11;
				GCC_NO_COMMON_BLOCKS = YES;
				GCC_WARN_64_TO_32_BIT_CONVERSION = YES;
				GCC_WARN_ABOUT_RETURN_TYPE = YES_ERROR;
				GCC_WARN_UNDECLARED_SELECTOR = YES;
				GCC_WARN_UNINITIALIZED_AUTOS = YES_AGGRESSIVE;
				GCC_WARN_UNUSED_FUNCTION = YES;
				GCC_WARN_UNUSED_VARIABLE = YES;
				IPHONEOS_DEPLOYMENT_TARGET = 11.2;
				MTL_ENABLE_DEBUG_INFO = NO;
				SDKROOT = iphoneos;
				SWIFT_OPTIMIZATION_LEVEL = "-Owholemodule";
				VALIDATE_PRODUCT = YES;
			};
			name = Release;
		};
		8DFB9842206431B0009055F7 /* Debug */ = {
			isa = XCBuildConfiguration;
			buildSettings = {
				ASSETCATALOG_COMPILER_APPICON_NAME = AppIcon;
				CODE_SIGN_STYLE = Automatic;
				DEVELOPMENT_TEAM = 7J9NCU659T;
				INFOPLIST_FILE = WhenWePlay/Info.plist;
				LD_RUNPATH_SEARCH_PATHS = "$(inherited) @executable_path/Frameworks";
				PRODUCT_BUNDLE_IDENTIFIER = com.agapovco.WhenWePlay;
				PRODUCT_NAME = "$(TARGET_NAME)";
				SWIFT_VERSION = 4.0;
				TARGETED_DEVICE_FAMILY = "1,2";
			};
			name = Debug;
		};
		8DFB9843206431B0009055F7 /* Release */ = {
			isa = XCBuildConfiguration;
			buildSettings = {
				ASSETCATALOG_COMPILER_APPICON_NAME = AppIcon;
				CODE_SIGN_STYLE = Automatic;
				DEVELOPMENT_TEAM = 7J9NCU659T;
				INFOPLIST_FILE = WhenWePlay/Info.plist;
				LD_RUNPATH_SEARCH_PATHS = "$(inherited) @executable_path/Frameworks";
				PRODUCT_BUNDLE_IDENTIFIER = com.agapovco.WhenWePlay;
				PRODUCT_NAME = "$(TARGET_NAME)";
				SWIFT_VERSION = 4.0;
				TARGETED_DEVICE_FAMILY = "1,2";
			};
			name = Release;
		};
		8DFB9845206431B0009055F7 /* Debug */ = {
			isa = XCBuildConfiguration;
			buildSettings = {
				ALWAYS_EMBED_SWIFT_STANDARD_LIBRARIES = YES;
				BUNDLE_LOADER = "$(TEST_HOST)";
				CODE_SIGN_STYLE = Automatic;
				DEVELOPMENT_TEAM = 7J9NCU659T;
				INFOPLIST_FILE = WhenWePlayTests/Info.plist;
				LD_RUNPATH_SEARCH_PATHS = "$(inherited) @executable_path/Frameworks @loader_path/Frameworks";
				PRODUCT_BUNDLE_IDENTIFIER = com.agapovco.WhenWePlayTests;
				PRODUCT_NAME = "$(TARGET_NAME)";
				SWIFT_VERSION = 4.0;
				TARGETED_DEVICE_FAMILY = "1,2";
				TEST_HOST = "$(BUILT_PRODUCTS_DIR)/WhenWePlay.app/WhenWePlay";
			};
			name = Debug;
		};
		8DFB9846206431B0009055F7 /* Release */ = {
			isa = XCBuildConfiguration;
			buildSettings = {
				ALWAYS_EMBED_SWIFT_STANDARD_LIBRARIES = YES;
				BUNDLE_LOADER = "$(TEST_HOST)";
				CODE_SIGN_STYLE = Automatic;
				DEVELOPMENT_TEAM = 7J9NCU659T;
				INFOPLIST_FILE = WhenWePlayTests/Info.plist;
				LD_RUNPATH_SEARCH_PATHS = "$(inherited) @executable_path/Frameworks @loader_path/Frameworks";
				PRODUCT_BUNDLE_IDENTIFIER = com.agapovco.WhenWePlayTests;
				PRODUCT_NAME = "$(TARGET_NAME)";
				SWIFT_VERSION = 4.0;
				TARGETED_DEVICE_FAMILY = "1,2";
				TEST_HOST = "$(BUILT_PRODUCTS_DIR)/WhenWePlay.app/WhenWePlay";
			};
			name = Release;
		};
/* End XCBuildConfiguration section */

/* Begin XCConfigurationList section */
		8DFB981F206431AF009055F7 /* Build configuration list for PBXProject "WhenWePlay" */ = {
			isa = XCConfigurationList;
			buildConfigurations = (
				8DFB983F206431B0009055F7 /* Debug */,
				8DFB9840206431B0009055F7 /* Release */,
			);
			defaultConfigurationIsVisible = 0;
			defaultConfigurationName = Release;
		};
		8DFB9841206431B0009055F7 /* Build configuration list for PBXNativeTarget "WhenWePlay" */ = {
			isa = XCConfigurationList;
			buildConfigurations = (
				8DFB9842206431B0009055F7 /* Debug */,
				8DFB9843206431B0009055F7 /* Release */,
			);
			defaultConfigurationIsVisible = 0;
			defaultConfigurationName = Release;
		};
		8DFB9844206431B0009055F7 /* Build configuration list for PBXNativeTarget "WhenWePlayTests" */ = {
			isa = XCConfigurationList;
			buildConfigurations = (
				8DFB9845206431B0009055F7 /* Debug */,
				8DFB9846206431B0009055F7 /* Release */,
			);
			defaultConfigurationIsVisible = 0;
			defaultConfigurationName = Release;
		};
/* End XCConfigurationList section */
	};
	rootObject = 8DFB981C206431AF009055F7 /* Project object */;
}
